
Microsoft Visual Studio Solution File, Format Version 12.00
# Visual Studio Version 16
VisualStudioVersion = 16.0.30320.27
MinimumVisualStudioVersion = 10.0.40219.1
Project("{FAE04EC0-301F-11D3-BF4B-00C04F79EFBC}") = "trello.api", "trello.api\trello.api.csproj", "{9B34F020-F0AE-4434-9FBA-FCC45D115C6A}"
EndProject
Global
	GlobalSection(SolutionConfigurationPlatforms) = preSolution
		Debug|Any CPU = Debug|Any CPU
		Release|Any CPU = Release|Any CPU
	EndGlobalSection
	GlobalSection(ProjectConfigurationPlatforms) = postSolution
		{9B34F020-F0AE-4434-9FBA-FCC45D115C6A}.Debug|Any CPU.ActiveCfg = Debug|Any CPU
		{9B34F020-F0AE-4434-9FBA-FCC45D115C6A}.Debug|Any CPU.Build.0 = Debug|Any CPU
		{9B34F020-F0AE-4434-9FBA-FCC45D115C6A}.Release|Any CPU.ActiveCfg = Release|Any CPU
		{9B34F020-F0AE-4434-9FBA-FCC45D115C6A}.Release|Any CPU.Build.0 = Release|Any CPU
	EndGlobalSection
	GlobalSection(SolutionProperties) = preSolution
		HideSolutionNode = FALSE
	EndGlobalSection
	GlobalSection(ExtensibilityGlobals) = postSolution
		SolutionGuid = {B7C9E3AB-6359-48AE-92F7-8629ABD0C3D8}
	EndGlobalSection
EndGlobal
